
Microsoft Visual Studio Solution File, Format Version 12.00
# Visual Studio 14
VisualStudioVersion = 14.0.25420.1
MinimumVisualStudioVersion = 10.0.40219.1
Project("{9092AA53-FB77-4645-B42D-1CCCA6BD08BD}") = "NodejsWebApp1", "NodejsWebApp1\NodejsWebApp1.njsproj", "{0D4BD4BF-8201-4FC4-823A-868396B87A68}"
EndProject
Global
	GlobalSection(SolutionConfigurationPlatforms) = preSolution
		Debug|Any CPU = Debug|Any CPU
		Release|Any CPU = Release|Any CPU
	EndGlobalSection
	GlobalSection(ProjectConfigurationPlatforms) = postSolution
		{0D4BD4BF-8201-4FC4-823A-868396B87A68}.Debug|Any CPU.ActiveCfg = Debug|Any CPU
		{0D4BD4BF-8201-4FC4-823A-868396B87A68}.Debug|Any CPU.Build.0 = Debug|Any CPU
		{0D4BD4BF-8201-4FC4-823A-868396B87A68}.Release|Any CPU.ActiveCfg = Release|Any CPU
		{0D4BD4BF-8201-4FC4-823A-868396B87A68}.Release|Any CPU.Build.0 = Release|Any CPU
	EndGlobalSection
	GlobalSection(SolutionProperties) = preSolution
		HideSolutionNode = FALSE
	EndGlobalSection
EndGlobal
